
Microsoft Visual Studio Solution File, Format Version 12.00
# Visual Studio Version 16
VisualStudioVersion = 16.0.30804.86
MinimumVisualStudioVersion = 10.0.40219.1
Project("{FAE04EC0-301F-11D3-BF4B-00C04F79EFBC}") = "Kvasir", "Kvasir\Kvasir.csproj", "{A9917B55-F219-4C52-8846-991C31254DAA}"
EndProject
Project("{FAE04EC0-301F-11D3-BF4B-00C04F79EFBC}") = "Test", "Test\Test.csproj", "{76BFD28E-C4EF-45F3-B86B-3A506D535804}"
EndProject
Global
	GlobalSection(SolutionConfigurationPlatforms) = preSolution
		Debug|Any CPU = Debug|Any CPU
		Release|Any CPU = Release|Any CPU
	EndGlobalSection
	GlobalSection(ProjectConfigurationPlatforms) = postSolution
		{A9917B55-F219-4C52-8846-991C31254DAA}.Debug|Any CPU.ActiveCfg = Debug|Any CPU
		{A9917B55-F219-4C52-8846-991C31254DAA}.Debug|Any CPU.Build.0 = Debug|Any CPU
		{A9917B55-F219-4C52-8846-991C31254DAA}.Release|Any CPU.ActiveCfg = Release|Any CPU
		{A9917B55-F219-4C52-8846-991C31254DAA}.Release|Any CPU.Build.0 = Release|Any CPU
		{76BFD28E-C4EF-45F3-B86B-3A506D535804}.Debug|Any CPU.ActiveCfg = Debug|Any CPU
		{76BFD28E-C4EF-45F3-B86B-3A506D535804}.Debug|Any CPU.Build.0 = Debug|Any CPU
		{76BFD28E-C4EF-45F3-B86B-3A506D535804}.Release|Any CPU.ActiveCfg = Release|Any CPU
		{76BFD28E-C4EF-45F3-B86B-3A506D535804}.Release|Any CPU.Build.0 = Release|Any CPU
	EndGlobalSection
	GlobalSection(SolutionProperties) = preSolution
		HideSolutionNode = FALSE
	EndGlobalSection
	GlobalSection(ExtensibilityGlobals) = postSolution
		SolutionGuid = {C60DFD7F-9DAD-4C91-A1E8-7A6284348E46}
	EndGlobalSection
EndGlobal
